
Microsoft Visual Studio Solution File, Format Version 12.00
# Visual Studio Version 16
VisualStudioVersion = 16.0.30320.27
MinimumVisualStudioVersion = 10.0.40219.1
Project("{FAE04EC0-301F-11D3-BF4B-00C04F79EFBC}") = "financr.Android", "financr.Android\financr.Android.csproj", "{3A5A339F-6C67-4701-9B62-998E014C86BB}"
EndProject
Project("{FAE04EC0-301F-11D3-BF4B-00C04F79EFBC}") = "financr.iOS", "financr.iOS\financr.iOS.csproj", "{175A4243-ED93-4466-989C-A55C641AAD96}"
EndProject
Project("{FAE04EC0-301F-11D3-BF4B-00C04F79EFBC}") = "financr", "financr\financr.csproj", "{BD88F4C5-E037-4CEE-A40E-CE60994CEB0E}"
EndProject
Global
	GlobalSection(SolutionConfigurationPlatforms) = preSolution
		Debug|Any CPU = Debug|Any CPU
		Debug|iPhone = Debug|iPhone
		Debug|iPhoneSimulator = Debug|iPhoneSimulator
		Release|Any CPU = Release|Any CPU
		Release|iPhone = Release|iPhone
		Release|iPhoneSimulator = Release|iPhoneSimulator
	EndGlobalSection
	GlobalSection(ProjectConfigurationPlatforms) = postSolution
		{3A5A339F-6C67-4701-9B62-998E014C86BB}.Debug|Any CPU.ActiveCfg = Debug|Any CPU
		{3A5A339F-6C67-4701-9B62-998E014C86BB}.Debug|Any CPU.Build.0 = Debug|Any CPU
		{3A5A339F-6C67-4701-9B62-998E014C86BB}.Debug|Any CPU.Deploy.0 = Debug|Any CPU
		{3A5A339F-6C67-4701-9B62-998E014C86BB}.Debug|iPhone.ActiveCfg = Debug|Any CPU
		{3A5A339F-6C67-4701-9B62-998E014C86BB}.Debug|iPhone.Build.0 = Debug|Any CPU
		{3A5A339F-6C67-4701-9B62-998E014C86BB}.Debug|iPhone.Deploy.0 = Debug|Any CPU
		{3A5A339F-6C67-4701-9B62-998E014C86BB}.Debug|iPhoneSimulator.ActiveCfg = Debug|Any CPU
		{3A5A339F-6C67-4701-9B62-998E014C86BB}.Debug|iPhoneSimulator.Build.0 = Debug|Any CPU
		{3A5A339F-6C67-4701-9B62-998E014C86BB}.Debug|iPhoneSimulator.Deploy.0 = Debug|Any CPU
		{3A5A339F-6C67-4701-9B62-998E014C86BB}.Release|Any CPU.ActiveCfg = Release|Any CPU
		{3A5A339F-6C67-4701-9B62-998E014C86BB}.Release|Any CPU.Build.0 = Release|Any CPU
		{3A5A339F-6C67-4701-9B62-998E014C86BB}.Release|Any CPU.Deploy.0 = Release|Any CPU
		{3A5A339F-6C67-4701-9B62-998E014C86BB}.Release|iPhone.ActiveCfg = Release|Any CPU
		{3A5A339F-6C67-4701-9B62-998E014C86BB}.Release|iPhone.Build.0 = Release|Any CPU
		{3A5A339F-6C67-4701-9B62-998E014C86BB}.Release|iPhone.Deploy.0 = Release|Any CPU
		{3A5A339F-6C67-4701-9B62-998E014C86BB}.Release|iPhoneSimulator.ActiveCfg = Release|Any CPU
		{3A5A339F-6C67-4701-9B62-998E014C86BB}.Release|iPhoneSimulator.Build.0 = Release|Any CPU
		{3A5A339F-6C67-4701-9B62-998E014C86BB}.Release|iPhoneSimulator.Deploy.0 = Release|Any CPU
		{175A4243-ED93-4466-989C-A55C641AAD96}.Debug|Any CPU.ActiveCfg = Debug|iPhone
		{175A4243-ED93-4466-989C-A55C641AAD96}.Debug|Any CPU.Build.0 = Debug|iPhone
		{175A4243-ED93-4466-989C-A55C641AAD96}.Debug|Any CPU.Deploy.0 = Debug|iPhone
		{175A4243-ED93-4466-989C-A55C641AAD96}.Debug|iPhone.ActiveCfg = Debug|iPhone
		{175A4243-ED93-4466-989C-A55C641AAD96}.Debug|iPhone.Build.0 = Debug|iPhone
		{175A4243-ED93-4466-989C-A55C641AAD96}.Debug|iPhone.Deploy.0 = Debug|iPhone
		{175A4243-ED93-4466-989C-A55C641AAD96}.Debug|iPhoneSimulator.ActiveCfg = Debug|iPhoneSimulator
		{175A4243-ED93-4466-989C-A55C641AAD96}.Debug|iPhoneSimulator.Build.0 = Debug|iPhoneSimulator
		{175A4243-ED93-4466-989C-A55C641AAD96}.Debug|iPhoneSimulator.Deploy.0 = Debug|iPhoneSimulator
		{175A4243-ED93-4466-989C-A55C641AAD96}.Release|Any CPU.ActiveCfg = Release|iPhone
		{175A4243-ED93-4466-989C-A55C641AAD96}.Release|Any CPU.Build.0 = Release|iPhone
		{175A4243-ED93-4466-989C-A55C641AAD96}.Release|Any CPU.Deploy.0 = Release|iPhone
		{175A4243-ED93-4466-989C-A55C641AAD96}.Release|iPhone.ActiveCfg = Release|iPhone
		{175A4243-ED93-4466-989C-A55C641AAD96}.Release|iPhone.Build.0 = Release|iPhone
		{175A4243-ED93-4466-989C-A55C641AAD96}.Release|iPhone.Deploy.0 = Release|iPhone
		{175A4243-ED93-4466-989C-A55C641AAD96}.Release|iPhoneSimulator.ActiveCfg = Release|iPhoneSimulator
		{175A4243-ED93-4466-989C-A55C641AAD96}.Release|iPhoneSimulator.Build.0 = Release|iPhoneSimulator
		{175A4243-ED93-4466-989C-A55C641AAD96}.Release|iPhoneSimulator.Deploy.0 = Release|iPhoneSimulator
		{BD88F4C5-E037-4CEE-A40E-CE60994CEB0E}.Debug|Any CPU.ActiveCfg = Debug|Any CPU
		{BD88F4C5-E037-4CEE-A40E-CE60994CEB0E}.Debug|Any CPU.Build.0 = Debug|Any CPU
		{BD88F4C5-E037-4CEE-A40E-CE60994CEB0E}.Debug|Any CPU.Deploy.0 = Debug|Any CPU
		{BD88F4C5-E037-4CEE-A40E-CE60994CEB0E}.Debug|iPhone.ActiveCfg = Debug|Any CPU
		{BD88F4C5-E037-4CEE-A40E-CE60994CEB0E}.Debug|iPhone.Build.0 = Debug|Any CPU
		{BD88F4C5-E037-4CEE-A40E-CE60994CEB0E}.Debug|iPhone.Deploy.0 = Debug|Any CPU
		{BD88F4C5-E037-4CEE-A40E-CE60994CEB0E}.Debug|iPhoneSimulator.ActiveCfg = Debug|Any CPU
		{BD88F4C5-E037-4CEE-A40E-CE60994CEB0E}.Debug|iPhoneSimulator.Build.0 = Debug|Any CPU
		{BD88F4C5-E037-4CEE-A40E-CE60994CEB0E}.Debug|iPhoneSimulator.Deploy.0 = Debug|Any CPU
		{BD88F4C5-E037-4CEE-A40E-CE60994CEB0E}.Release|Any CPU.ActiveCfg = Release|Any CPU
		{BD88F4C5-E037-4CEE-A40E-CE60994CEB0E}.Release|Any CPU.Build.0 = Release|Any CPU
		{BD88F4C5-E037-4CEE-A40E-CE60994CEB0E}.Release|Any CPU.Deploy.0 = Release|Any CPU
		{BD88F4C5-E037-4CEE-A40E-CE60994CEB0E}.Release|iPhone.ActiveCfg = Release|Any CPU
		{BD88F4C5-E037-4CEE-A40E-CE60994CEB0E}.Release|iPhone.Build.0 = Release|Any CPU
		{BD88F4C5-E037-4CEE-A40E-CE60994CEB0E}.Release|iPhone.Deploy.0 = Release|Any CPU
		{BD88F4C5-E037-4CEE-A40E-CE60994CEB0E}.Release|iPhoneSimulator.ActiveCfg = Release|Any CPU
		{BD88F4C5-E037-4CEE-A40E-CE60994CEB0E}.Release|iPhoneSimulator.Build.0 = Release|Any CPU
		{BD88F4C5-E037-4CEE-A40E-CE60994CEB0E}.Release|iPhoneSimulator.Deploy.0 = Release|Any CPU
	EndGlobalSection
	GlobalSection(SolutionProperties) = preSolution
		HideSolutionNode = FALSE
	EndGlobalSection
	GlobalSection(ExtensibilityGlobals) = postSolution
		SolutionGuid = {C6857459-C236-42C8-A56C-84A776CC92FC}
	EndGlobalSection
EndGlobal
